
Microsoft Visual Studio Solution File, Format Version 12.00
# Visual Studio Version 17
VisualStudioVersion = 17.10.34928.147
MinimumVisualStudioVersion = 10.0.40219.1
Project("{FAE04EC0-301F-11D3-BF4B-00C04F79EFBC}") = "WebApi", "WebApi\WebApi.csproj", "{D61B2D9D-9074-4CFC-8384-09E604B670F7}"
EndProject
Project("{FAE04EC0-301F-11D3-BF4B-00C04F79EFBC}") = "ClassLibrary", "ClassLibrary\ClassLibrary.csproj", "{7FA57EFD-FAF4-4D0A-B5B1-6136E7FC6814}"
EndProject
Global
	GlobalSection(SolutionConfigurationPlatforms) = preSolution
		Debug|Any CPU = Debug|Any CPU
		Release|Any CPU = Release|Any CPU
	EndGlobalSection
	GlobalSection(ProjectConfigurationPlatforms) = postSolution
		{D61B2D9D-9074-4CFC-8384-09E604B670F7}.Debug|Any CPU.ActiveCfg = Debug|Any CPU
		{D61B2D9D-9074-4CFC-8384-09E604B670F7}.Debug|Any CPU.Build.0 = Debug|Any CPU
		{D61B2D9D-9074-4CFC-8384-09E604B670F7}.Release|Any CPU.ActiveCfg = Release|Any CPU
		{D61B2D9D-9074-4CFC-8384-09E604B670F7}.Release|Any CPU.Build.0 = Release|Any CPU
		{7FA57EFD-FAF4-4D0A-B5B1-6136E7FC6814}.Debug|Any CPU.ActiveCfg = Debug|Any CPU
		{7FA57EFD-FAF4-4D0A-B5B1-6136E7FC6814}.Debug|Any CPU.Build.0 = Debug|Any CPU
		{7FA57EFD-FAF4-4D0A-B5B1-6136E7FC6814}.Release|Any CPU.ActiveCfg = Release|Any CPU
		{7FA57EFD-FAF4-4D0A-B5B1-6136E7FC6814}.Release|Any CPU.Build.0 = Release|Any CPU
	EndGlobalSection
	GlobalSection(SolutionProperties) = preSolution
		HideSolutionNode = FALSE
	EndGlobalSection
	GlobalSection(ExtensibilityGlobals) = postSolution
		SolutionGuid = {064E1A40-0C1A-4CED-8757-2D513467BC8B}
	EndGlobalSection
EndGlobal
